
Microsoft Visual Studio Solution File, Format Version 12.00
# Visual Studio Version 16
VisualStudioVersion = 16.0.29911.84
MinimumVisualStudioVersion = 10.0.40219.1
Project("{F184B08F-C81C-45F6-A57F-5ABD9991F28F}") = "Logic", "Logic\Logic.vbproj", "{6A6E8834-ADD9-4BA5-BB1E-CC0BA9F8AF5C}"
EndProject
Project("{F184B08F-C81C-45F6-A57F-5ABD9991F28F}") = "DataAccess", "DataAccess\DataAccess.vbproj", "{25F68297-76F7-4CEB-AC05-268F3CD2CDF1}"
EndProject
Project("{F184B08F-C81C-45F6-A57F-5ABD9991F28F}") = "UI", "UI\UI.vbproj", "{E0D943B6-B802-4A72-AD4B-548F2CA0DF1E}"
EndProject
Global
	GlobalSection(SolutionConfigurationPlatforms) = preSolution
		Debug|Any CPU = Debug|Any CPU
		Release|Any CPU = Release|Any CPU
	EndGlobalSection
	GlobalSection(ProjectConfigurationPlatforms) = postSolution
		{6A6E8834-ADD9-4BA5-BB1E-CC0BA9F8AF5C}.Debug|Any CPU.ActiveCfg = Debug|Any CPU
		{6A6E8834-ADD9-4BA5-BB1E-CC0BA9F8AF5C}.Debug|Any CPU.Build.0 = Debug|Any CPU
		{6A6E8834-ADD9-4BA5-BB1E-CC0BA9F8AF5C}.Release|Any CPU.ActiveCfg = Release|Any CPU
		{6A6E8834-ADD9-4BA5-BB1E-CC0BA9F8AF5C}.Release|Any CPU.Build.0 = Release|Any CPU
		{25F68297-76F7-4CEB-AC05-268F3CD2CDF1}.Debug|Any CPU.ActiveCfg = Debug|Any CPU
		{25F68297-76F7-4CEB-AC05-268F3CD2CDF1}.Debug|Any CPU.Build.0 = Debug|Any CPU
		{25F68297-76F7-4CEB-AC05-268F3CD2CDF1}.Release|Any CPU.ActiveCfg = Release|Any CPU
		{25F68297-76F7-4CEB-AC05-268F3CD2CDF1}.Release|Any CPU.Build.0 = Release|Any CPU
		{E0D943B6-B802-4A72-AD4B-548F2CA0DF1E}.Debug|Any CPU.ActiveCfg = Debug|Any CPU
		{E0D943B6-B802-4A72-AD4B-548F2CA0DF1E}.Debug|Any CPU.Build.0 = Debug|Any CPU
		{E0D943B6-B802-4A72-AD4B-548F2CA0DF1E}.Release|Any CPU.ActiveCfg = Release|Any CPU
		{E0D943B6-B802-4A72-AD4B-548F2CA0DF1E}.Release|Any CPU.Build.0 = Release|Any CPU
	EndGlobalSection
	GlobalSection(SolutionProperties) = preSolution
		HideSolutionNode = FALSE
	EndGlobalSection
	GlobalSection(ExtensibilityGlobals) = postSolution
		SolutionGuid = {CFD1C830-95EE-426C-BAC3-AFFE19E1A656}
	EndGlobalSection
EndGlobal
